
Microsoft Visual Studio Solution File, Format Version 12.00
# Visual Studio 15
VisualStudioVersion = 15.0.28010.2003
MinimumVisualStudioVersion = 10.0.40219.1
Project("{FAE04EC0-301F-11D3-BF4B-00C04F79EFBC}") = "PriceCalc.Domain", "PriceCalc.Domain\PriceCalc.Domain.csproj", "{2D94DF28-B9CA-4770-A3BA-F8C024F57646}"
EndProject
Project("{FAE04EC0-301F-11D3-BF4B-00C04F79EFBC}") = "PriceCalc.Test", "PriceCalc.Test\PriceCalc.Test.csproj", "{F45A892B-F2AD-4789-8E7D-0A768AD7B18C}"
EndProject
Global
	GlobalSection(SolutionConfigurationPlatforms) = preSolution
		Debug|Any CPU = Debug|Any CPU
		Release|Any CPU = Release|Any CPU
	EndGlobalSection
	GlobalSection(ProjectConfigurationPlatforms) = postSolution
		{2D94DF28-B9CA-4770-A3BA-F8C024F57646}.Debug|Any CPU.ActiveCfg = Debug|Any CPU
		{2D94DF28-B9CA-4770-A3BA-F8C024F57646}.Debug|Any CPU.Build.0 = Debug|Any CPU
		{2D94DF28-B9CA-4770-A3BA-F8C024F57646}.Release|Any CPU.ActiveCfg = Release|Any CPU
		{2D94DF28-B9CA-4770-A3BA-F8C024F57646}.Release|Any CPU.Build.0 = Release|Any CPU
		{F45A892B-F2AD-4789-8E7D-0A768AD7B18C}.Debug|Any CPU.ActiveCfg = Debug|Any CPU
		{F45A892B-F2AD-4789-8E7D-0A768AD7B18C}.Debug|Any CPU.Build.0 = Debug|Any CPU
		{F45A892B-F2AD-4789-8E7D-0A768AD7B18C}.Release|Any CPU.ActiveCfg = Release|Any CPU
		{F45A892B-F2AD-4789-8E7D-0A768AD7B18C}.Release|Any CPU.Build.0 = Release|Any CPU
	EndGlobalSection
	GlobalSection(SolutionProperties) = preSolution
		HideSolutionNode = FALSE
	EndGlobalSection
	GlobalSection(ExtensibilityGlobals) = postSolution
		SolutionGuid = {CADF0BE2-7D34-4093-80DB-4938C30C2A3C}
	EndGlobalSection
EndGlobal
